
Microsoft Visual Studio Solution File, Format Version 12.00
# Visual Studio Version 16
VisualStudioVersion = 16.0.31605.320
MinimumVisualStudioVersion = 10.0.40219.1
Project("{8BC9CEB8-8B4A-11D0-8D11-00A0C91BC942}") = "login_Qt", "login_Qt\login_Qt.vcxproj", "{E06FFB1D-4F7B-4377-8B25-F413826E95EE}"
EndProject
Global
	GlobalSection(SolutionConfigurationPlatforms) = preSolution
		Debug|x64 = Debug|x64
		Release|x64 = Release|x64
	EndGlobalSection
	GlobalSection(ProjectConfigurationPlatforms) = postSolution
		{E06FFB1D-4F7B-4377-8B25-F413826E95EE}.Debug|x64.ActiveCfg = Debug|x64
		{E06FFB1D-4F7B-4377-8B25-F413826E95EE}.Debug|x64.Build.0 = Debug|x64
		{E06FFB1D-4F7B-4377-8B25-F413826E95EE}.Release|x64.ActiveCfg = Release|x64
		{E06FFB1D-4F7B-4377-8B25-F413826E95EE}.Release|x64.Build.0 = Release|x64
	EndGlobalSection
	GlobalSection(SolutionProperties) = preSolution
		HideSolutionNode = FALSE
	EndGlobalSection
	GlobalSection(ExtensibilityGlobals) = postSolution
		SolutionGuid = {AEEE5D4F-F2C8-4EF8-9136-06644E858DF2}
	EndGlobalSection
EndGlobal
